// !$*UTF8*$!
{
	archiveVersion = 1;
	classes = {
	};
	objectVersion = 56;
	objects = {

/* Begin PBXBuildFile section */
		2717059E2C652B8900367FEC /* Essentials.docc in Sources */ = {isa = PBXBuildFile; fileRef = 2717059D2C652B8900367FEC /* Essentials.docc */; };
		271705A42C652B8A00367FEC /* Essentials.framework in Frameworks */ = {isa = PBXBuildFile; fileRef = 271705992C652B8900367FEC /* Essentials.framework */; };
		271705A92C652B8A00367FEC /* EssentialsTests.swift in Sources */ = {isa = PBXBuildFile; fileRef = 271705A82C652B8A00367FEC /* EssentialsTests.swift */; };
		271705AA2C652B8A00367FEC /* Essentials.h in Headers */ = {isa = PBXBuildFile; fileRef = 2717059C2C652B8900367FEC /* Essentials.h */; settings = {ATTRIBUTES = (Public, ); }; };
		27FC946E2C664718001343DD /* FeedItem.swift in Sources */ = {isa = PBXBuildFile; fileRef = 27FC946D2C664718001343DD /* FeedItem.swift */; };
		27FC94702C6648A3001343DD /* FeedLoader.swift in Sources */ = {isa = PBXBuildFile; fileRef = 27FC946F2C6648A3001343DD /* FeedLoader.swift */; };
/* End PBXBuildFile section */

/* Begin PBXContainerItemProxy section */
		271705A52C652B8A00367FEC /* PBXContainerItemProxy */ = {
			isa = PBXContainerItemProxy;
			containerPortal = 271705902C652B8900367FEC /* Project object */;
			proxyType = 1;
			remoteGlobalIDString = 271705982C652B8900367FEC;
			remoteInfo = Essentials;
		};
/* End PBXContainerItemProxy section */

/* Begin PBXFileReference section */
		271705992C652B8900367FEC /* Essentials.framework */ = {isa = PBXFileReference; explicitFileType = wrapper.framework; includeInIndex = 0; path = Essentials.framework; sourceTree = BUILT_PRODUCTS_DIR; };
		2717059C2C652B8900367FEC /* Essentials.h */ = {isa = PBXFileReference; lastKnownFileType = sourcecode.c.h; path = Essentials.h; sourceTree = "<group>"; };
		2717059D2C652B8900367FEC /* Essentials.docc */ = {isa = PBXFileReference; lastKnownFileType = folder.documentationcatalog; path = Essentials.docc; sourceTree = "<group>"; };
		271705A32C652B8A00367FEC /* EssentialsTests.xctest */ = {isa = PBXFileReference; explicitFileType = wrapper.cfbundle; includeInIndex = 0; path = EssentialsTests.xctest; sourceTree = BUILT_PRODUCTS_DIR; };
		271705A82C652B8A00367FEC /* EssentialsTests.swift */ = {isa = PBXFileReference; lastKnownFileType = sourcecode.swift; path = EssentialsTests.swift; sourceTree = "<group>"; };
		27FC946D2C664718001343DD /* FeedItem.swift */ = {isa = PBXFileReference; lastKnownFileType = sourcecode.swift; path = FeedItem.swift; sourceTree = "<group>"; };
		27FC946F2C6648A3001343DD /* FeedLoader.swift */ = {isa = PBXFileReference; lastKnownFileType = sourcecode.swift; path = FeedLoader.swift; sourceTree = "<group>"; };
/* End PBXFileReference section */

/* Begin PBXFrameworksBuildPhase section */
		271705962C652B8900367FEC /* Frameworks */ = {
			isa = PBXFrameworksBuildPhase;
			buildActionMask = 2147483647;
			files = (
			);
			runOnlyForDeploymentPostprocessing = 0;
		};
		271705A02C652B8A00367FEC /* Frameworks */ = {
			isa = PBXFrameworksBuildPhase;
			buildActionMask = 2147483647;
			files = (
				271705A42C652B8A00367FEC /* Essentials.framework in Frameworks */,
			);
			runOnlyForDeploymentPostprocessing = 0;
		};
/* End PBXFrameworksBuildPhase section */

/* Begin PBXGroup section */
		2717058F2C652B8900367FEC = {
			isa = PBXGroup;
			children = (
				2717059B2C652B8900367FEC /* Essentials */,
				271705A72C652B8A00367FEC /* EssentialsTests */,
				2717059A2C652B8900367FEC /* Products */,
			);
			sourceTree = "<group>";
		};
		2717059A2C652B8900367FEC /* Products */ = {
			isa = PBXGroup;
			children = (
				271705992C652B8900367FEC /* Essentials.framework */,
				271705A32C652B8A00367FEC /* EssentialsTests.xctest */,
			);
			name = Products;
			sourceTree = "<group>";
		};
		2717059B2C652B8900367FEC /* Essentials */ = {
			isa = PBXGroup;
			children = (
				2717059C2C652B8900367FEC /* Essentials.h */,
				2717059D2C652B8900367FEC /* Essentials.docc */,
				27FC946D2C664718001343DD /* FeedItem.swift */,
				27FC946F2C6648A3001343DD /* FeedLoader.swift */,
			);
			path = Essentials;
			sourceTree = "<group>";
		};
		271705A72C652B8A00367FEC /* EssentialsTests */ = {
			isa = PBXGroup;
			children = (
				271705A82C652B8A00367FEC /* EssentialsTests.swift */,
			);
			path = EssentialsTests;
			sourceTree = "<group>";
		};
/* End PBXGroup section */

/* Begin PBXHeadersBuildPhase section */
		271705942C652B8900367FEC /* Headers */ = {
			isa = PBXHeadersBuildPhase;
			buildActionMask = 2147483647;
			files = (
				271705AA2C652B8A00367FEC /* Essentials.h in Headers */,
			);
			runOnlyForDeploymentPostprocessing = 0;
		};
/* End PBXHeadersBuildPhase section */

/* Begin PBXNativeTarget section */
		271705982C652B8900367FEC /* Essentials */ = {
			isa = PBXNativeTarget;
			buildConfigurationList = 271705AD2C652B8A00367FEC /* Build configuration list for PBXNativeTarget "Essentials" */;
			buildPhases = (
				271705942C652B8900367FEC /* Headers */,
				271705952C652B8900367FEC /* Sources */,
				271705962C652B8900367FEC /* Frameworks */,
				271705972C652B8900367FEC /* Resources */,
			);
			buildRules = (
			);
			dependencies = (
			);
			name = Essentials;
			productName = Essentials;
			productReference = 271705992C652B8900367FEC /* Essentials.framework */;
			productType = "com.apple.product-type.framework";
		};
		271705A22C652B8A00367FEC /* EssentialsTests */ = {
			isa = PBXNativeTarget;
			buildConfigurationList = 271705B02C652B8A00367FEC /* Build configuration list for PBXNativeTarget "EssentialsTests" */;
			buildPhases = (
				2717059F2C652B8A00367FEC /* Sources */,
				271705A02C652B8A00367FEC /* Frameworks */,
				271705A12C652B8A00367FEC /* Resources */,
			);
			buildRules = (
			);
			dependencies = (
				271705A62C652B8A00367FEC /* PBXTargetDependency */,
			);
			name = EssentialsTests;
			productName = EssentialsTests;
			productReference = 271705A32C652B8A00367FEC /* EssentialsTests.xctest */;
			productType = "com.apple.product-type.bundle.unit-test";
		};
/* End PBXNativeTarget section */

/* Begin PBXProject section */
		271705902C652B8900367FEC /* Project object */ = {
			isa = PBXProject;
			attributes = {
				BuildIndependentTargetsInParallel = 1;
				LastSwiftUpdateCheck = 1520;
				LastUpgradeCheck = 1520;
				TargetAttributes = {
					271705982C652B8900367FEC = {
						CreatedOnToolsVersion = 15.2;
					};
					271705A22C652B8A00367FEC = {
						CreatedOnToolsVersion = 15.2;
					};
				};
			};
			buildConfigurationList = 271705932C652B8900367FEC /* Build configuration list for PBXProject "Essentials" */;
			compatibilityVersion = "Xcode 14.0";
			developmentRegion = en;
			hasScannedForEncodings = 0;
			knownRegions = (
				en,
				Base,
			);
			mainGroup = 2717058F2C652B8900367FEC;
			productRefGroup = 2717059A2C652B8900367FEC /* Products */;
			projectDirPath = "";
			projectRoot = "";
			targets = (
				271705982C652B8900367FEC /* Essentials */,
				271705A22C652B8A00367FEC /* EssentialsTests */,
			);
		};
/* End PBXProject section */

/* Begin PBXResourcesBuildPhase section */
		271705972C652B8900367FEC /* Resources */ = {
			isa = PBXResourcesBuildPhase;
			buildActionMask = 2147483647;
			files = (
			);
			runOnlyForDeploymentPostprocessing = 0;
		};
		271705A12C652B8A00367FEC /* Resources */ = {
			isa = PBXResourcesBuildPhase;
			buildActionMask = 2147483647;
			files = (
			);
			runOnlyForDeploymentPostprocessing = 0;
		};
/* End PBXResourcesBuildPhase section */

/* Begin PBXSourcesBuildPhase section */
		271705952C652B8900367FEC /* Sources */ = {
			isa = PBXSourcesBuildPhase;
			buildActionMask = 2147483647;
			files = (
				27FC94702C6648A3001343DD /* FeedLoader.swift in Sources */,
				27FC946E2C664718001343DD /* FeedItem.swift in Sources */,
				2717059E2C652B8900367FEC /* Essentials.docc in Sources */,
			);
			runOnlyForDeploymentPostprocessing = 0;
		};
		2717059F2C652B8A00367FEC /* Sources */ = {
			isa = PBXSourcesBuildPhase;
			buildActionMask = 2147483647;
			files = (
				271705A92C652B8A00367FEC /* EssentialsTests.swift in Sources */,
			);
			runOnlyForDeploymentPostprocessing = 0;
		};
/* End PBXSourcesBuildPhase section */

/* Begin PBXTargetDependency section */
		271705A62C652B8A00367FEC /* PBXTargetDependency */ = {
			isa = PBXTargetDependency;
			target = 271705982C652B8900367FEC /* Essentials */;
			targetProxy = 271705A52C652B8A00367FEC /* PBXContainerItemProxy */;
		};
/* End PBXTargetDependency section */

/* Begin XCBuildConfiguration section */
		271705AB2C652B8A00367FEC /* Debug */ = {
			isa = XCBuildConfiguration;
			buildSettings = {
				ALWAYS_SEARCH_USER_PATHS = NO;
				ASSETCATALOG_COMPILER_GENERATE_SWIFT_ASSET_SYMBOL_EXTENSIONS = YES;
				CLANG_ANALYZER_NONNULL = YES;
				CLANG_ANALYZER_NUMBER_OBJECT_CONVERSION = YES_AGGRESSIVE;
				CLANG_CXX_LANGUAGE_STANDARD = "gnu++20";
				CLANG_ENABLE_MODULES = YES;
				CLANG_ENABLE_OBJC_ARC = YES;
				CLANG_ENABLE_OBJC_WEAK = YES;
				CLANG_WARN_BLOCK_CAPTURE_AUTORELEASING = YES;
				CLANG_WARN_BOOL_CONVERSION = YES;
				CLANG_WARN_COMMA = YES;
				CLANG_WARN_CONSTANT_CONVERSION = YES;
				CLANG_WARN_DEPRECATED_OBJC_IMPLEMENTATIONS = YES;
				CLANG_WARN_DIRECT_OBJC_ISA_USAGE = YES_ERROR;
				CLANG_WARN_DOCUMENTATION_COMMENTS = YES;
				CLANG_WARN_EMPTY_BODY = YES;
				CLANG_WARN_ENUM_CONVERSION = YES;
				CLANG_WARN_INFINITE_RECURSION = YES;
				CLANG_WARN_INT_CONVERSION = YES;
				CLANG_WARN_NON_LITERAL_NULL_CONVERSION = YES;
				CLANG_WARN_OBJC_IMPLICIT_RETAIN_SELF = YES;
				CLANG_WARN_OBJC_LITERAL_CONVERSION = YES;
				CLANG_WARN_OBJC_ROOT_CLASS = YES_ERROR;
				CLANG_WARN_QUOTED_INCLUDE_IN_FRAMEWORK_HEADER = YES;
				CLANG_WARN_RANGE_LOOP_ANALYSIS = YES;
				CLANG_WARN_STRICT_PROTOTYPES = YES;
				CLANG_WARN_SUSPICIOUS_MOVE = YES;
				CLANG_WARN_UNGUARDED_AVAILABILITY = YES_AGGRESSIVE;
				CLANG_WARN_UNREACHABLE_CODE = YES;
				CLANG_WARN__DUPLICATE_METHOD_MATCH = YES;
				COPY_PHASE_STRIP = NO;
				CURRENT_PROJECT_VERSION = 1;
				DEBUG_INFORMATION_FORMAT = dwarf;
				ENABLE_STRICT_OBJC_MSGSEND = YES;
				ENABLE_TESTABILITY = YES;
				ENABLE_USER_SCRIPT_SANDBOXING = YES;
				GCC_C_LANGUAGE_STANDARD = gnu17;
				GCC_DYNAMIC_NO_PIC = NO;
				GCC_NO_COMMON_BLOCKS = YES;
				GCC_OPTIMIZATION_LEVEL = 0;
				GCC_PREPROCESSOR_DEFINITIONS = (
					"DEBUG=1",
					"$(inherited)",
				);
				GCC_WARN_64_TO_32_BIT_CONVERSION = YES;
				GCC_WARN_ABOUT_RETURN_TYPE = YES_ERROR;
				GCC_WARN_UNDECLARED_SELECTOR = YES;
				GCC_WARN_UNINITIALIZED_AUTOS = YES_AGGRESSIVE;
				GCC_WARN_UNUSED_FUNCTION = YES;
				GCC_WARN_UNUSED_VARIABLE = YES;
				LOCALIZATION_PREFERS_STRING_CATALOGS = YES;
				MACOSX_DEPLOYMENT_TARGET = 14.2;
				MTL_ENABLE_DEBUG_INFO = INCLUDE_SOURCE;
				MTL_FAST_MATH = YES;
				ONLY_ACTIVE_ARCH = YES;
				SDKROOT = macosx;
				SWIFT_ACTIVE_COMPILATION_CONDITIONS = "DEBUG $(inherited)";
				SWIFT_OPTIMIZATION_LEVEL = "-Onone";
				VERSIONING_SYSTEM = "apple-generic";
				VERSION_INFO_PREFIX = "";
			};
			name = Debug;
		};
		271705AC2C652B8A00367FEC /* Release */ = {
			isa = XCBuildConfiguration;
			buildSettings = {
				ALWAYS_SEARCH_USER_PATHS = NO;
				ASSETCATALOG_COMPILER_GENERATE_SWIFT_ASSET_SYMBOL_EXTENSIONS = YES;
				CLANG_ANALYZER_NONNULL = YES;
				CLANG_ANALYZER_NUMBER_OBJECT_CONVERSION = YES_AGGRESSIVE;
				CLANG_CXX_LANGUAGE_STANDARD = "gnu++20";
				CLANG_ENABLE_MODULES = YES;
				CLANG_ENABLE_OBJC_ARC = YES;
				CLANG_ENABLE_OBJC_WEAK = YES;
				CLANG_WARN_BLOCK_CAPTURE_AUTORELEASING = YES;
				CLANG_WARN_BOOL_CONVERSION = YES;
				CLANG_WARN_COMMA = YES;
				CLANG_WARN_CONSTANT_CONVERSION = YES;
				CLANG_WARN_DEPRECATED_OBJC_IMPLEMENTATIONS = YES;
				CLANG_WARN_DIRECT_OBJC_ISA_USAGE = YES_ERROR;
				CLANG_WARN_DOCUMENTATION_COMMENTS = YES;
				CLANG_WARN_EMPTY_BODY = YES;
				CLANG_WARN_ENUM_CONVERSION = YES;
				CLANG_WARN_INFINITE_RECURSION = YES;
				CLANG_WARN_INT_CONVERSION = YES;
				CLANG_WARN_NON_LITERAL_NULL_CONVERSION = YES;
				CLANG_WARN_OBJC_IMPLICIT_RETAIN_SELF = YES;
				CLANG_WARN_OBJC_LITERAL_CONVERSION = YES;
				CLANG_WARN_OBJC_ROOT_CLASS = YES_ERROR;
				CLANG_WARN_QUOTED_INCLUDE_IN_FRAMEWORK_HEADER = YES;
				CLANG_WARN_RANGE_LOOP_ANALYSIS = YES;
				CLANG_WARN_STRICT_PROTOTYPES = YES;
				CLANG_WARN_SUSPICIOUS_MOVE = YES;
				CLANG_WARN_UNGUARDED_AVAILABILITY = YES_AGGRESSIVE;
				CLANG_WARN_UNREACHABLE_CODE = YES;
				CLANG_WARN__DUPLICATE_METHOD_MATCH = YES;
				COPY_PHASE_STRIP = NO;
				CURRENT_PROJECT_VERSION = 1;
				DEBUG_INFORMATION_FORMAT = "dwarf-with-dsym";
				ENABLE_NS_ASSERTIONS = NO;
				ENABLE_STRICT_OBJC_MSGSEND = YES;
				ENABLE_USER_SCRIPT_SANDBOXING = YES;
				GCC_C_LANGUAGE_STANDARD = gnu17;
				GCC_NO_COMMON_BLOCKS = YES;
				GCC_WARN_64_TO_32_BIT_CONVERSION = YES;
				GCC_WARN_ABOUT_RETURN_TYPE = YES_ERROR;
				GCC_WARN_UNDECLARED_SELECTOR = YES;
				GCC_WARN_UNINITIALIZED_AUTOS = YES_AGGRESSIVE;
				GCC_WARN_UNUSED_FUNCTION = YES;
				GCC_WARN_UNUSED_VARIABLE = YES;
				LOCALIZATION_PREFERS_STRING_CATALOGS = YES;
				MACOSX_DEPLOYMENT_TARGET = 14.2;
				MTL_ENABLE_DEBUG_INFO = NO;
				MTL_FAST_MATH = YES;
				SDKROOT = macosx;
				SWIFT_COMPILATION_MODE = wholemodule;
				VERSIONING_SYSTEM = "apple-generic";
				VERSION_INFO_PREFIX = "";
			};
			name = Release;
		};
		271705AE2C652B8A00367FEC /* Debug */ = {
			isa = XCBuildConfiguration;
			buildSettings = {
				CODE_SIGN_STYLE = Automatic;
				COMBINE_HIDPI_IMAGES = YES;
				CURRENT_PROJECT_VERSION = 1;
				DEFINES_MODULE = YES;
				DEVELOPMENT_TEAM = MWB2Q6FW4J;
				DYLIB_COMPATIBILITY_VERSION = 1;
				DYLIB_CURRENT_VERSION = 1;
				DYLIB_INSTALL_NAME_BASE = "@rpath";
				ENABLE_MODULE_VERIFIER = YES;
				GENERATE_INFOPLIST_FILE = YES;
				INFOPLIST_KEY_NSHumanReadableCopyright = "";
				INSTALL_PATH = "$(LOCAL_LIBRARY_DIR)/Frameworks";
				LD_RUNPATH_SEARCH_PATHS = (
					"$(inherited)",
					"@executable_path/../Frameworks",
					"@loader_path/Frameworks",
				);
				MARKETING_VERSION = 1.0;
				MODULE_VERIFIER_SUPPORTED_LANGUAGES = "objective-c objective-c++";
				MODULE_VERIFIER_SUPPORTED_LANGUAGE_STANDARDS = "gnu17 gnu++20";
				PRODUCT_BUNDLE_IDENTIFIER = com.ioslearning.com.Essentials;
				PRODUCT_NAME = "$(TARGET_NAME:c99extidentifier)";
				SKIP_INSTALL = YES;
				SWIFT_EMIT_LOC_STRINGS = YES;
				SWIFT_VERSION = 5.0;
			};
			name = Debug;
		};
		271705AF2C652B8A00367FEC /* Release */ = {
			isa = XCBuildConfiguration;
			buildSettings = {
				CODE_SIGN_STYLE = Automatic;
				COMBINE_HIDPI_IMAGES = YES;
				CURRENT_PROJECT_VERSION = 1;
				DEFINES_MODULE = YES;
				DEVELOPMENT_TEAM = MWB2Q6FW4J;
				DYLIB_COMPATIBILITY_VERSION = 1;
				DYLIB_CURRENT_VERSION = 1;
				DYLIB_INSTALL_NAME_BASE = "@rpath";
				ENABLE_MODULE_VERIFIER = YES;
				GENERATE_INFOPLIST_FILE = YES;
				INFOPLIST_KEY_NSHumanReadableCopyright = "";
				INSTALL_PATH = "$(LOCAL_LIBRARY_DIR)/Frameworks";
				LD_RUNPATH_SEARCH_PATHS = (
					"$(inherited)",
					"@executable_path/../Frameworks",
					"@loader_path/Frameworks",
				);
				MARKETING_VERSION = 1.0;
				MODULE_VERIFIER_SUPPORTED_LANGUAGES = "objective-c objective-c++";
				MODULE_VERIFIER_SUPPORTED_LANGUAGE_STANDARDS = "gnu17 gnu++20";
				PRODUCT_BUNDLE_IDENTIFIER = com.ioslearning.com.Essentials;
				PRODUCT_NAME = "$(TARGET_NAME:c99extidentifier)";
				SKIP_INSTALL = YES;
				SWIFT_EMIT_LOC_STRINGS = YES;
				SWIFT_VERSION = 5.0;
			};
			name = Release;
		};
		271705B12C652B8A00367FEC /* Debug */ = {
			isa = XCBuildConfiguration;
			buildSettings = {
				ALWAYS_EMBED_SWIFT_STANDARD_LIBRARIES = YES;
				CODE_SIGN_STYLE = Automatic;
				CURRENT_PROJECT_VERSION = 1;
				DEVELOPMENT_TEAM = MWB2Q6FW4J;
				GENERATE_INFOPLIST_FILE = YES;
				MARKETING_VERSION = 1.0;
				PRODUCT_BUNDLE_IDENTIFIER = com.ioslearning.com.EssentialsTests;
				PRODUCT_NAME = "$(TARGET_NAME)";
				SWIFT_EMIT_LOC_STRINGS = NO;
				SWIFT_VERSION = 5.0;
			};
			name = Debug;
		};
		271705B22C652B8A00367FEC /* Release */ = {
			isa = XCBuildConfiguration;
			buildSettings = {
				ALWAYS_EMBED_SWIFT_STANDARD_LIBRARIES = YES;
				CODE_SIGN_STYLE = Automatic;
				CURRENT_PROJECT_VERSION = 1;
				DEVELOPMENT_TEAM = MWB2Q6FW4J;
				GENERATE_INFOPLIST_FILE = YES;
				MARKETING_VERSION = 1.0;
				PRODUCT_BUNDLE_IDENTIFIER = com.ioslearning.com.EssentialsTests;
				PRODUCT_NAME = "$(TARGET_NAME)";
				SWIFT_EMIT_LOC_STRINGS = NO;
				SWIFT_VERSION = 5.0;
			};
			name = Release;
		};
/* End XCBuildConfiguration section */

/* Begin XCConfigurationList section */
		271705932C652B8900367FEC /* Build configuration list for PBXProject "Essentials" */ = {
			isa = XCConfigurationList;
			buildConfigurations = (
				271705AB2C652B8A00367FEC /* Debug */,
				271705AC2C652B8A00367FEC /* Release */,
			);
			defaultConfigurationIsVisible = 0;
			defaultConfigurationName = Release;
		};
		271705AD2C652B8A00367FEC /* Build configuration list for PBXNativeTarget "Essentials" */ = {
			isa = XCConfigurationList;
			buildConfigurations = (
				271705AE2C652B8A00367FEC /* Debug */,
				271705AF2C652B8A00367FEC /* Release */,
			);
			defaultConfigurationIsVisible = 0;
			defaultConfigurationName = Release;
		};
		271705B02C652B8A00367FEC /* Build configuration list for PBXNativeTarget "EssentialsTests" */ = {
			isa = XCConfigurationList;
			buildConfigurations = (
				271705B12C652B8A00367FEC /* Debug */,
				271705B22C652B8A00367FEC /* Release */,
			);
			defaultConfigurationIsVisible = 0;
			defaultConfigurationName = Release;
		};
/* End XCConfigurationList section */
	};
	rootObject = 271705902C652B8900367FEC /* Project object */;
}
